<?xml version="1.0" encoding="utf-8"?>
<Project ToolsVersion="4.0" xmlns="http://schemas.microsoft.com/developer/msbuild/2003">
  <ItemGroup>
    <Filter Include="Support Code">
      <UniqueIdentifier>{4FC737F1-C7A5-4376-A066-2A32D752A2FF}</UniqueIdentifier>
      <Extensions>cpp;c;cc;cxx;c++;cppm;ixx;def;odl;idl;hpj;bat;asm;asmx</Extensions>
    </Filter>
    <Filter Include="Tests">
      <UniqueIdentifier>{f3754de3-d54d-4a8b-bce1-5790026a10a7}</UniqueIdentifier>
    </Filter>
    <Filter Include="Support Code\ParseHelpers">
      <UniqueIdentifier>{4300d045-c426-4745-af13-d4b888f3f3cf}</UniqueIdentifier>
    </Filter>
    <Filter Include="JsonFiles">
      <UniqueIdentifier>{03856f46-e69a-4eef-b488-e0d12d3f28d3}</UniqueIdentifier>
    </Filter>
    <Filter Include="Tests\Actions">
      <UniqueIdentifier>{d2802597-5868-4e05-8bed-c02d58880ac1}</UniqueIdentifier>
    </Filter>
  </ItemGroup>
  <ItemGroup>
    <ClCompile Include="pch.cpp">
      <Filter>Support Code</Filter>
    </ClCompile>
    <ClCompile Include="SListTests.cpp">
      <Filter>Tests</Filter>
    </ClCompile>
    <ClCompile Include="Foo.cpp">
      <Filter>Support Code</Filter>
    </ClCompile>
    <ClCompile Include="FooTests.cpp">
      <Filter>Tests</Filter>
    </ClCompile>
    <ClCompile Include="VectorTests.cpp">
      <Filter>Tests</Filter>
    </ClCompile>
    <ClCompile Include="HashMapTests.cpp">
      <Filter>Tests</Filter>
    </ClCompile>
    <ClCompile Include="HashTests.cpp">
      <Filter>Tests</Filter>
    </ClCompile>
    <ClCompile Include="DatumTests.cpp">
      <Filter>Tests</Filter>
    </ClCompile>
    <ClCompile Include="ScopeTests.cpp">
      <Filter>Tests</Filter>
    </ClCompile>
    <ClCompile Include="AttributedFoo.cpp">
      <Filter>Support Code</Filter>
    </ClCompile>
    <ClCompile Include="AttributedFooTests.cpp">
      <Filter>Tests</Filter>
    </ClCompile>
    <ClCompile Include="AttributedBar.cpp">
      <Filter>Support Code</Filter>
    </ClCompile>
    <ClCompile Include="JsonParseCoordinatorTests.cpp">
      <Filter>Tests</Filter>
    </ClCompile>
    <ClCompile Include="JsonIntegerParseHelper.cpp">
      <Filter>Support Code\ParseHelpers</Filter>
    </ClCompile>
    <ClCompile Include="JsonTestParseHelper.cpp">
      <Filter>Support Code\ParseHelpers</Filter>
    </ClCompile>
    <ClCompile Include="JsonValueSpecializationsTests.cpp">
      <Filter>Tests</Filter>
    </ClCompile>
    <ClCompile Include="FactoryTests.cpp">
      <Filter>Tests</Filter>
    </ClCompile>
    <ClCompile Include="GameTimeTests.cpp">
      <Filter>Tests</Filter>
    </ClCompile>
    <ClCompile Include="GameObjectTests.cpp">
      <Filter>Tests</Filter>
    </ClCompile>
    <ClCompile Include="Monster.cpp">
      <Filter>Support Code</Filter>
    </ClCompile>
    <ClCompile Include="ActionIfTests.cpp">
      <Filter>Tests\Actions</Filter>
    </ClCompile>
    <ClCompile Include="ActionIncrementTests.cpp">
      <Filter>Tests\Actions</Filter>
    </ClCompile>
    <ClCompile Include="ActionListTests.cpp">
      <Filter>Tests\Actions</Filter>
    </ClCompile>
    <ClCompile Include="EventTests.cpp">
      <Filter>Tests</Filter>
    </ClCompile>
    <ClCompile Include="ReactionTests.cpp">
      <Filter>Tests</Filter>
    </ClCompile>
  </ItemGroup>
  <ItemGroup>
    <ClInclude Include="pch.h">
      <Filter>Support Code</Filter>
    </ClInclude>
    <ClInclude Include="Foo.h">
      <Filter>Support Code</Filter>
    </ClInclude>
    <ClInclude Include="ToStringSpecializations.h">
      <Filter>Support Code</Filter>
    </ClInclude>
    <ClInclude Include="HashSpecializations.h">
      <Filter>Support Code</Filter>
    </ClInclude>
    <ClInclude Include="Literals.h">
      <Filter>Support Code</Filter>
    </ClInclude>
    <ClInclude Include="AttributedFoo.h">
      <Filter>Support Code</Filter>
    </ClInclude>
    <ClInclude Include="AttributedBar.h">
      <Filter>Support Code</Filter>
    </ClInclude>
    <ClInclude Include="JsonIntegerParseHelper.h">
      <Filter>Support Code\ParseHelpers</Filter>
    </ClInclude>
    <ClInclude Include="JsonTestParseHelper.h">
      <Filter>Support Code\ParseHelpers</Filter>
    </ClInclude>
    <ClInclude Include="Monster.h">
      <Filter>Support Code</Filter>
    </ClInclude>
  </ItemGroup>
  <ItemGroup>
    <CopyFileToFolders Include="IntegerTest.json">
      <Filter>JsonFiles</Filter>
    </CopyFileToFolders>
    <CopyFileToFolders Include="GameObjectTest.json">
      <Filter>JsonFiles</Filter>
    </CopyFileToFolders>
    <CopyFileToFolders Include="ActionListTest.json">
      <Filter>JsonFiles</Filter>
    </CopyFileToFolders>
    <CopyFileToFolders Include="ActionIncrementTest.json">
      <Filter>JsonFiles</Filter>
    </CopyFileToFolders>
    <CopyFileToFolders Include="ActionIfTest.json">
      <Filter>JsonFiles</Filter>
    </CopyFileToFolders>
  </ItemGroup>
</Project>